
Microsoft Visual Studio Solution File, Format Version 12.00
# Visual Studio Version 16
VisualStudioVersion = 25.0.1706.8
MinimumVisualStudioVersion = 10.0.40219.1
Project("{FAE04EC0-301F-11D3-BF4B-00C04F79EFBC}") = "WebApp", "WebApp\WebApp.csproj", "{D0710A38-A1E1-4CFE-A749-8D47A956939D}"
EndProject
Global
	GlobalSection(SolutionConfigurationPlatforms) = preSolution
		Debug|Any CPU = Debug|Any CPU
		Release|Any CPU = Release|Any CPU
	EndGlobalSection
	GlobalSection(ProjectConfigurationPlatforms) = postSolution
		{D0710A38-A1E1-4CFE-A749-8D47A956939D}.Debug|Any CPU.ActiveCfg = Debug|Any CPU
		{D0710A38-A1E1-4CFE-A749-8D47A956939D}.Debug|Any CPU.Build.0 = Debug|Any CPU
		{D0710A38-A1E1-4CFE-A749-8D47A956939D}.Release|Any CPU.ActiveCfg = Release|Any CPU
		{D0710A38-A1E1-4CFE-A749-8D47A956939D}.Release|Any CPU.Build.0 = Release|Any CPU
	EndGlobalSection
	GlobalSection(SolutionProperties) = preSolution
		HideSolutionNode = FALSE
	EndGlobalSection
	GlobalSection(ExtensibilityGlobals) = postSolution
		SolutionGuid = {243D4190-C396-40D1-AC51-DC5B1C22C721}
	EndGlobalSection
EndGlobal
